// !$*UTF8*$!
{
	archiveVersion = 1;
	classes = {
	};
	objectVersion = 56;
	objects = {

/* Begin PBXBuildFile section */
		150B811E2C7F350B00844841 /* NumberIterator.swift in Sources */ = {isa = PBXBuildFile; fileRef = 150B811D2C7F350B00844841 /* NumberIterator.swift */; };
		150B81982C85AF4600844841 /* SwiftFunction.swift in Sources */ = {isa = PBXBuildFile; fileRef = 150B81972C85AF4600844841 /* SwiftFunction.swift */; };
		150B819C2C85B1D600844841 /* SwiftListViewController.swift in Sources */ = {isa = PBXBuildFile; fileRef = 150B819B2C85B1D600844841 /* SwiftListViewController.swift */; };
		150B819E2C85B2E000844841 /* UITableViewCell+YD.swift in Sources */ = {isa = PBXBuildFile; fileRef = 150B819D2C85B2E000844841 /* UITableViewCell+YD.swift */; };
		150B81A12C85B36600844841 /* NSObject+YD.swift in Sources */ = {isa = PBXBuildFile; fileRef = 150B81A02C85B36600844841 /* NSObject+YD.swift */; };
		150B81A32C85B67A00844841 /* SwiftErrorViewController.swift in Sources */ = {isa = PBXBuildFile; fileRef = 150B81A22C85B67A00844841 /* SwiftErrorViewController.swift */; };
		150B81A52C85B87100844841 /* SwiftBaseViewController.swift in Sources */ = {isa = PBXBuildFile; fileRef = 150B81A42C85B87100844841 /* SwiftBaseViewController.swift */; };
		150B81A72C85D55000844841 /* GrammarBasics.swift in Sources */ = {isa = PBXBuildFile; fileRef = 150B81A62C85D55000844841 /* GrammarBasics.swift */; };
		150B81A92C86F80400844841 /* BaseType.swift in Sources */ = {isa = PBXBuildFile; fileRef = 150B81A82C86F80400844841 /* BaseType.swift */; };
		150B81AE2C88060B00844841 /* UnitTest.swift in Sources */ = {isa = PBXBuildFile; fileRef = 150B81AD2C88060B00844841 /* UnitTest.swift */; };
		15911D992AD7DBC400E58958 /* AppDelegate.m in Sources */ = {isa = PBXBuildFile; fileRef = 15911D982AD7DBC400E58958 /* AppDelegate.m */; };
		15911D9C2AD7DBC400E58958 /* SceneDelegate.m in Sources */ = {isa = PBXBuildFile; fileRef = 15911D9B2AD7DBC400E58958 /* SceneDelegate.m */; };
		15911D9F2AD7DBC400E58958 /* ViewController.m in Sources */ = {isa = PBXBuildFile; fileRef = 15911D9E2AD7DBC400E58958 /* ViewController.m */; };
		15911DA22AD7DBC400E58958 /* Main.storyboard in Resources */ = {isa = PBXBuildFile; fileRef = 15911DA02AD7DBC400E58958 /* Main.storyboard */; };
		15911DA42AD7DBC500E58958 /* Assets.xcassets in Resources */ = {isa = PBXBuildFile; fileRef = 15911DA32AD7DBC500E58958 /* Assets.xcassets */; };
		15911DA72AD7DBC500E58958 /* LaunchScreen.storyboard in Resources */ = {isa = PBXBuildFile; fileRef = 15911DA52AD7DBC500E58958 /* LaunchScreen.storyboard */; };
		15911DAA2AD7DBC500E58958 /* main.m in Sources */ = {isa = PBXBuildFile; fileRef = 15911DA92AD7DBC500E58958 /* main.m */; };
		15911DB42AD7DBC500E58958 /* YDiOSStudyTests.m in Sources */ = {isa = PBXBuildFile; fileRef = 15911DB32AD7DBC500E58958 /* YDiOSStudyTests.m */; };
		15911DBE2AD7DBC500E58958 /* YDiOSStudyUITests.m in Sources */ = {isa = PBXBuildFile; fileRef = 15911DBD2AD7DBC500E58958 /* YDiOSStudyUITests.m */; };
		15911DC02AD7DBC500E58958 /* YDiOSStudyUITestsLaunchTests.m in Sources */ = {isa = PBXBuildFile; fileRef = 15911DBF2AD7DBC500E58958 /* YDiOSStudyUITestsLaunchTests.m */; };
		15911DD02AD7DC7C00E58958 /* Boy.m in Sources */ = {isa = PBXBuildFile; fileRef = 15911DCF2AD7DC7C00E58958 /* Boy.m */; };
		15911DD42AD7F95B00E58958 /* StudyObjC.m in Sources */ = {isa = PBXBuildFile; fileRef = 15911DD32AD7F95B00E58958 /* StudyObjC.m */; };
		15911DD62AD7FBE700E58958 /* BoySay.sh in Resources */ = {isa = PBXBuildFile; fileRef = 15911DD52AD7FBE700E58958 /* BoySay.sh */; };
		15911DD92AD8D8C900E58958 /* SayHi.m in Sources */ = {isa = PBXBuildFile; fileRef = 15911DD82AD8D8C900E58958 /* SayHi.m */; };
		15B875C62AEA51CD00F3476B /* DyldBuild.m in Sources */ = {isa = PBXBuildFile; fileRef = 15B875C52AEA51CD00F3476B /* DyldBuild.m */; };
		15B875CA2AEA5CC800F3476B /* test.mp3 in Resources */ = {isa = PBXBuildFile; fileRef = 15B875C92AEA5CC800F3476B /* test.mp3 */; };
		39991E7D2D56225B9C9AC6F4 /* libPods-YDiOSStudy.a in Frameworks */ = {isa = PBXBuildFile; fileRef = F3535677855293CB679A2010 /* libPods-YDiOSStudy.a */; };
/* End PBXBuildFile section */

/* Begin PBXContainerItemProxy section */
		15911DB02AD7DBC500E58958 /* PBXContainerItemProxy */ = {
			isa = PBXContainerItemProxy;
			containerPortal = 15911D8C2AD7DBC400E58958 /* Project object */;
			proxyType = 1;
			remoteGlobalIDString = 15911D932AD7DBC400E58958;
			remoteInfo = YDiOSStudy;
		};
		15911DBA2AD7DBC500E58958 /* PBXContainerItemProxy */ = {
			isa = PBXContainerItemProxy;
			containerPortal = 15911D8C2AD7DBC400E58958 /* Project object */;
			proxyType = 1;
			remoteGlobalIDString = 15911D932AD7DBC400E58958;
			remoteInfo = YDiOSStudy;
		};
/* End PBXContainerItemProxy section */

/* Begin PBXFileReference section */
		150B811C2C7F350A00844841 /* YDiOSStudy-Bridging-Header.h */ = {isa = PBXFileReference; lastKnownFileType = sourcecode.c.h; path = "YDiOSStudy-Bridging-Header.h"; sourceTree = "<group>"; };
		150B811D2C7F350B00844841 /* NumberIterator.swift */ = {isa = PBXFileReference; lastKnownFileType = sourcecode.swift; path = NumberIterator.swift; sourceTree = "<group>"; };
		150B81972C85AF4600844841 /* SwiftFunction.swift */ = {isa = PBXFileReference; lastKnownFileType = sourcecode.swift; path = SwiftFunction.swift; sourceTree = "<group>"; };
		150B819B2C85B1D600844841 /* SwiftListViewController.swift */ = {isa = PBXFileReference; lastKnownFileType = sourcecode.swift; path = SwiftListViewController.swift; sourceTree = "<group>"; };
		150B819D2C85B2E000844841 /* UITableViewCell+YD.swift */ = {isa = PBXFileReference; lastKnownFileType = sourcecode.swift; path = "UITableViewCell+YD.swift"; sourceTree = "<group>"; };
		150B81A02C85B36600844841 /* NSObject+YD.swift */ = {isa = PBXFileReference; lastKnownFileType = sourcecode.swift; path = "NSObject+YD.swift"; sourceTree = "<group>"; };
		150B81A22C85B67A00844841 /* SwiftErrorViewController.swift */ = {isa = PBXFileReference; lastKnownFileType = sourcecode.swift; path = SwiftErrorViewController.swift; sourceTree = "<group>"; };
		150B81A42C85B87100844841 /* SwiftBaseViewController.swift */ = {isa = PBXFileReference; lastKnownFileType = sourcecode.swift; path = SwiftBaseViewController.swift; sourceTree = "<group>"; };
		150B81A62C85D55000844841 /* GrammarBasics.swift */ = {isa = PBXFileReference; lastKnownFileType = sourcecode.swift; path = GrammarBasics.swift; sourceTree = "<group>"; };
		150B81A82C86F80400844841 /* BaseType.swift */ = {isa = PBXFileReference; lastKnownFileType = sourcecode.swift; path = BaseType.swift; sourceTree = "<group>"; };
		150B81AD2C88060B00844841 /* UnitTest.swift */ = {isa = PBXFileReference; lastKnownFileType = sourcecode.swift; path = UnitTest.swift; sourceTree = "<group>"; };
		15911D942AD7DBC400E58958 /* YDiOSStudy.app */ = {isa = PBXFileReference; explicitFileType = wrapper.application; includeInIndex = 0; path = YDiOSStudy.app; sourceTree = BUILT_PRODUCTS_DIR; };
		15911D972AD7DBC400E58958 /* AppDelegate.h */ = {isa = PBXFileReference; lastKnownFileType = sourcecode.c.h; path = AppDelegate.h; sourceTree = "<group>"; };
		15911D982AD7DBC400E58958 /* AppDelegate.m */ = {isa = PBXFileReference; lastKnownFileType = sourcecode.c.objc; path = AppDelegate.m; sourceTree = "<group>"; };
		15911D9A2AD7DBC400E58958 /* SceneDelegate.h */ = {isa = PBXFileReference; lastKnownFileType = sourcecode.c.h; path = SceneDelegate.h; sourceTree = "<group>"; };
		15911D9B2AD7DBC400E58958 /* SceneDelegate.m */ = {isa = PBXFileReference; lastKnownFileType = sourcecode.c.objc; path = SceneDelegate.m; sourceTree = "<group>"; };
		15911D9D2AD7DBC400E58958 /* ViewController.h */ = {isa = PBXFileReference; lastKnownFileType = sourcecode.c.h; path = ViewController.h; sourceTree = "<group>"; };
		15911D9E2AD7DBC400E58958 /* ViewController.m */ = {isa = PBXFileReference; lastKnownFileType = sourcecode.c.objc; path = ViewController.m; sourceTree = "<group>"; };
		15911DA12AD7DBC400E58958 /* Base */ = {isa = PBXFileReference; lastKnownFileType = file.storyboard; name = Base; path = Base.lproj/Main.storyboard; sourceTree = "<group>"; };
		15911DA32AD7DBC500E58958 /* Assets.xcassets */ = {isa = PBXFileReference; lastKnownFileType = folder.assetcatalog; path = Assets.xcassets; sourceTree = "<group>"; };
		15911DA62AD7DBC500E58958 /* Base */ = {isa = PBXFileReference; lastKnownFileType = file.storyboard; name = Base; path = Base.lproj/LaunchScreen.storyboard; sourceTree = "<group>"; };
		15911DA82AD7DBC500E58958 /* Info.plist */ = {isa = PBXFileReference; lastKnownFileType = text.plist.xml; path = Info.plist; sourceTree = "<group>"; };
		15911DA92AD7DBC500E58958 /* main.m */ = {isa = PBXFileReference; lastKnownFileType = sourcecode.c.objc; path = main.m; sourceTree = "<group>"; };
		15911DAF2AD7DBC500E58958 /* YDiOSStudyTests.xctest */ = {isa = PBXFileReference; explicitFileType = wrapper.cfbundle; includeInIndex = 0; path = YDiOSStudyTests.xctest; sourceTree = BUILT_PRODUCTS_DIR; };
		15911DB32AD7DBC500E58958 /* YDiOSStudyTests.m */ = {isa = PBXFileReference; lastKnownFileType = sourcecode.c.objc; path = YDiOSStudyTests.m; sourceTree = "<group>"; };
		15911DB92AD7DBC500E58958 /* YDiOSStudyUITests.xctest */ = {isa = PBXFileReference; explicitFileType = wrapper.cfbundle; includeInIndex = 0; path = YDiOSStudyUITests.xctest; sourceTree = BUILT_PRODUCTS_DIR; };
		15911DBD2AD7DBC500E58958 /* YDiOSStudyUITests.m */ = {isa = PBXFileReference; lastKnownFileType = sourcecode.c.objc; path = YDiOSStudyUITests.m; sourceTree = "<group>"; };
		15911DBF2AD7DBC500E58958 /* YDiOSStudyUITestsLaunchTests.m */ = {isa = PBXFileReference; lastKnownFileType = sourcecode.c.objc; path = YDiOSStudyUITestsLaunchTests.m; sourceTree = "<group>"; };
		15911DCE2AD7DC7C00E58958 /* Boy.h */ = {isa = PBXFileReference; lastKnownFileType = sourcecode.c.h; path = Boy.h; sourceTree = "<group>"; };
		15911DCF2AD7DC7C00E58958 /* Boy.m */ = {isa = PBXFileReference; lastKnownFileType = sourcecode.c.objc; path = Boy.m; sourceTree = "<group>"; };
		15911DD22AD7F95B00E58958 /* StudyObjC.h */ = {isa = PBXFileReference; lastKnownFileType = sourcecode.c.h; path = StudyObjC.h; sourceTree = "<group>"; };
		15911DD32AD7F95B00E58958 /* StudyObjC.m */ = {isa = PBXFileReference; lastKnownFileType = sourcecode.c.objc; path = StudyObjC.m; sourceTree = "<group>"; };
		15911DD52AD7FBE700E58958 /* BoySay.sh */ = {isa = PBXFileReference; lastKnownFileType = text.script.sh; name = BoySay.sh; path = YDiOSStudy/BoySay.sh; sourceTree = SOURCE_ROOT; };
		15911DD72AD8D8C900E58958 /* SayHi.h */ = {isa = PBXFileReference; lastKnownFileType = sourcecode.c.h; path = SayHi.h; sourceTree = "<group>"; };
		15911DD82AD8D8C900E58958 /* SayHi.m */ = {isa = PBXFileReference; lastKnownFileType = sourcecode.c.objc; path = SayHi.m; sourceTree = "<group>"; };
		15B875C42AEA51CD00F3476B /* DyldBuild.h */ = {isa = PBXFileReference; lastKnownFileType = sourcecode.c.h; path = DyldBuild.h; sourceTree = "<group>"; };
		15B875C52AEA51CD00F3476B /* DyldBuild.m */ = {isa = PBXFileReference; lastKnownFileType = sourcecode.c.objc; path = DyldBuild.m; sourceTree = "<group>"; };
		15B875C92AEA5CC800F3476B /* test.mp3 */ = {isa = PBXFileReference; lastKnownFileType = audio.mp3; path = test.mp3; sourceTree = "<group>"; };
		1B3C530522259B64AD5E1478 /* Pods-YDiOSStudy.debug.xcconfig */ = {isa = PBXFileReference; includeInIndex = 1; lastKnownFileType = text.xcconfig; name = "Pods-YDiOSStudy.debug.xcconfig"; path = "Target Support Files/Pods-YDiOSStudy/Pods-YDiOSStudy.debug.xcconfig"; sourceTree = "<group>"; };
		B3FDA998E2904D1F521C3A55 /* Pods-YDiOSStudy.release.xcconfig */ = {isa = PBXFileReference; includeInIndex = 1; lastKnownFileType = text.xcconfig; name = "Pods-YDiOSStudy.release.xcconfig"; path = "Target Support Files/Pods-YDiOSStudy/Pods-YDiOSStudy.release.xcconfig"; sourceTree = "<group>"; };
		F3535677855293CB679A2010 /* libPods-YDiOSStudy.a */ = {isa = PBXFileReference; explicitFileType = archive.ar; includeInIndex = 0; path = "libPods-YDiOSStudy.a"; sourceTree = BUILT_PRODUCTS_DIR; };
/* End PBXFileReference section */

/* Begin PBXFrameworksBuildPhase section */
		15911D912AD7DBC400E58958 /* Frameworks */ = {
			isa = PBXFrameworksBuildPhase;
			buildActionMask = 2147483647;
			files = (
				39991E7D2D56225B9C9AC6F4 /* libPods-YDiOSStudy.a in Frameworks */,
			);
			runOnlyForDeploymentPostprocessing = 0;
		};
		15911DAC2AD7DBC500E58958 /* Frameworks */ = {
			isa = PBXFrameworksBuildPhase;
			buildActionMask = 2147483647;
			files = (
			);
			runOnlyForDeploymentPostprocessing = 0;
		};
		15911DB62AD7DBC500E58958 /* Frameworks */ = {
			isa = PBXFrameworksBuildPhase;
			buildActionMask = 2147483647;
			files = (
			);
			runOnlyForDeploymentPostprocessing = 0;
		};
/* End PBXFrameworksBuildPhase section */

/* Begin PBXGroup section */
		14FF6D0F399C070EE67268BE /* Pods */ = {
			isa = PBXGroup;
			children = (
				1B3C530522259B64AD5E1478 /* Pods-YDiOSStudy.debug.xcconfig */,
				B3FDA998E2904D1F521C3A55 /* Pods-YDiOSStudy.release.xcconfig */,
			);
			path = Pods;
			sourceTree = "<group>";
		};
		150B81992C85B18A00844841 /* UI */ = {
			isa = PBXGroup;
			children = (
				150B81A42C85B87100844841 /* SwiftBaseViewController.swift */,
				150B819B2C85B1D600844841 /* SwiftListViewController.swift */,
				150B819D2C85B2E000844841 /* UITableViewCell+YD.swift */,
				150B81A22C85B67A00844841 /* SwiftErrorViewController.swift */,
			);
			path = UI;
			sourceTree = "<group>";
		};
		150B819A2C85B19800844841 /* Study */ = {
			isa = PBXGroup;
			children = (
				150B81A62C85D55000844841 /* GrammarBasics.swift */,
				150B81A82C86F80400844841 /* BaseType.swift */,
				150B81AD2C88060B00844841 /* UnitTest.swift */,
			);
			path = Study;
			sourceTree = "<group>";
		};
		150B819F2C85B35600844841 /* Tools */ = {
			isa = PBXGroup;
			children = (
				150B81A02C85B36600844841 /* NSObject+YD.swift */,
			);
			path = Tools;
			sourceTree = "<group>";
		};
		15911D8B2AD7DBC400E58958 = {
			isa = PBXGroup;
			children = (
				15911D962AD7DBC400E58958 /* YDiOSStudy */,
				15911DB22AD7DBC500E58958 /* YDiOSStudyTests */,
				15911DBC2AD7DBC500E58958 /* YDiOSStudyUITests */,
				15911D952AD7DBC400E58958 /* Products */,
				14FF6D0F399C070EE67268BE /* Pods */,
				CB0DA1C2FA20F990FDFDCCA9 /* Frameworks */,
			);
			sourceTree = "<group>";
		};
		15911D952AD7DBC400E58958 /* Products */ = {
			isa = PBXGroup;
			children = (
				15911D942AD7DBC400E58958 /* YDiOSStudy.app */,
				15911DAF2AD7DBC500E58958 /* YDiOSStudyTests.xctest */,
				15911DB92AD7DBC500E58958 /* YDiOSStudyUITests.xctest */,
			);
			name = Products;
			sourceTree = "<group>";
		};
		15911D962AD7DBC400E58958 /* YDiOSStudy */ = {
			isa = PBXGroup;
			children = (
				15B875C92AEA5CC800F3476B /* test.mp3 */,
				15911DD12AD7EB1F00E58958 /* YDStudySwift */,
				15911DCC2AD7DBF600E58958 /* YDStudyObjC */,
				15911D972AD7DBC400E58958 /* AppDelegate.h */,
				15911D982AD7DBC400E58958 /* AppDelegate.m */,
				15911D9A2AD7DBC400E58958 /* SceneDelegate.h */,
				15911D9B2AD7DBC400E58958 /* SceneDelegate.m */,
				15911D9D2AD7DBC400E58958 /* ViewController.h */,
				15911D9E2AD7DBC400E58958 /* ViewController.m */,
				15911DA02AD7DBC400E58958 /* Main.storyboard */,
				15911DA32AD7DBC500E58958 /* Assets.xcassets */,
				15911DA52AD7DBC500E58958 /* LaunchScreen.storyboard */,
				15911DA82AD7DBC500E58958 /* Info.plist */,
				15911DA92AD7DBC500E58958 /* main.m */,
			);
			path = YDiOSStudy;
			sourceTree = "<group>";
		};
		15911DB22AD7DBC500E58958 /* YDiOSStudyTests */ = {
			isa = PBXGroup;
			children = (
				15911DB32AD7DBC500E58958 /* YDiOSStudyTests.m */,
			);
			path = YDiOSStudyTests;
			sourceTree = "<group>";
		};
		15911DBC2AD7DBC500E58958 /* YDiOSStudyUITests */ = {
			isa = PBXGroup;
			children = (
				15911DBD2AD7DBC500E58958 /* YDiOSStudyUITests.m */,
				15911DBF2AD7DBC500E58958 /* YDiOSStudyUITestsLaunchTests.m */,
			);
			path = YDiOSStudyUITests;
			sourceTree = "<group>";
		};
		15911DCC2AD7DBF600E58958 /* YDStudyObjC */ = {
			isa = PBXGroup;
			children = (
				15911DCD2AD7DC6000E58958 /* 链接器绑定地址 */,
				15911DD22AD7F95B00E58958 /* StudyObjC.h */,
				15911DD32AD7F95B00E58958 /* StudyObjC.m */,
			);
			path = YDStudyObjC;
			sourceTree = "<group>";
		};
		15911DCD2AD7DC6000E58958 /* 链接器绑定地址 */ = {
			isa = PBXGroup;
			children = (
				15911DD52AD7FBE700E58958 /* BoySay.sh */,
				15911DCE2AD7DC7C00E58958 /* Boy.h */,
				15911DCF2AD7DC7C00E58958 /* Boy.m */,
				15911DD72AD8D8C900E58958 /* SayHi.h */,
				15911DD82AD8D8C900E58958 /* SayHi.m */,
				15B875C42AEA51CD00F3476B /* DyldBuild.h */,
				15B875C52AEA51CD00F3476B /* DyldBuild.m */,
			);
			path = "链接器绑定地址";
			sourceTree = "<group>";
		};
		15911DD12AD7EB1F00E58958 /* YDStudySwift */ = {
			isa = PBXGroup;
			children = (
				150B819F2C85B35600844841 /* Tools */,
				150B819A2C85B19800844841 /* Study */,
				150B81992C85B18A00844841 /* UI */,
				150B81972C85AF4600844841 /* SwiftFunction.swift */,
				150B811D2C7F350B00844841 /* NumberIterator.swift */,
				150B811C2C7F350A00844841 /* YDiOSStudy-Bridging-Header.h */,
			);
			path = YDStudySwift;
			sourceTree = "<group>";
		};
		CB0DA1C2FA20F990FDFDCCA9 /* Frameworks */ = {
			isa = PBXGroup;
			children = (
				F3535677855293CB679A2010 /* libPods-YDiOSStudy.a */,
			);
			name = Frameworks;
			sourceTree = "<group>";
		};
/* End PBXGroup section */

/* Begin PBXNativeTarget section */
		15911D932AD7DBC400E58958 /* YDiOSStudy */ = {
			isa = PBXNativeTarget;
			buildConfigurationList = 15911DC32AD7DBC500E58958 /* Build configuration list for PBXNativeTarget "YDiOSStudy" */;
			buildPhases = (
				8053CBB4F05C197F2097354D /* [CP] Check Pods Manifest.lock */,
				15911D902AD7DBC400E58958 /* Sources */,
				15911D912AD7DBC400E58958 /* Frameworks */,
				15911D922AD7DBC400E58958 /* Resources */,
				ABC5B40B6A5E1A41DCBF1F68 /* [CP] Embed Pods Frameworks */,
				58C14B1A0E8A5A17D6B7F640 /* [CP] Copy Pods Resources */,
			);
			buildRules = (
			);
			dependencies = (
			);
			name = YDiOSStudy;
			productName = YDiOSStudy;
			productReference = 15911D942AD7DBC400E58958 /* YDiOSStudy.app */;
			productType = "com.apple.product-type.application";
		};
		15911DAE2AD7DBC500E58958 /* YDiOSStudyTests */ = {
			isa = PBXNativeTarget;
			buildConfigurationList = 15911DC62AD7DBC500E58958 /* Build configuration list for PBXNativeTarget "YDiOSStudyTests" */;
			buildPhases = (
				15911DAB2AD7DBC500E58958 /* Sources */,
				15911DAC2AD7DBC500E58958 /* Frameworks */,
				15911DAD2AD7DBC500E58958 /* Resources */,
			);
			buildRules = (
			);
			dependencies = (
				15911DB12AD7DBC500E58958 /* PBXTargetDependency */,
			);
			name = YDiOSStudyTests;
			productName = YDiOSStudyTests;
			productReference = 15911DAF2AD7DBC500E58958 /* YDiOSStudyTests.xctest */;
			productType = "com.apple.product-type.bundle.unit-test";
		};
		15911DB82AD7DBC500E58958 /* YDiOSStudyUITests */ = {
			isa = PBXNativeTarget;
			buildConfigurationList = 15911DC92AD7DBC500E58958 /* Build configuration list for PBXNativeTarget "YDiOSStudyUITests" */;
			buildPhases = (
				15911DB52AD7DBC500E58958 /* Sources */,
				15911DB62AD7DBC500E58958 /* Frameworks */,
				15911DB72AD7DBC500E58958 /* Resources */,
			);
			buildRules = (
			);
			dependencies = (
				15911DBB2AD7DBC500E58958 /* PBXTargetDependency */,
			);
			name = YDiOSStudyUITests;
			productName = YDiOSStudyUITests;
			productReference = 15911DB92AD7DBC500E58958 /* YDiOSStudyUITests.xctest */;
			productType = "com.apple.product-type.bundle.ui-testing";
		};
/* End PBXNativeTarget section */

/* Begin PBXProject section */
		15911D8C2AD7DBC400E58958 /* Project object */ = {
			isa = PBXProject;
			attributes = {
				BuildIndependentTargetsInParallel = 1;
				LastUpgradeCheck = 1500;
				TargetAttributes = {
					15911D932AD7DBC400E58958 = {
						CreatedOnToolsVersion = 15.0;
						LastSwiftMigration = 1540;
					};
					15911DAE2AD7DBC500E58958 = {
						CreatedOnToolsVersion = 15.0;
						TestTargetID = 15911D932AD7DBC400E58958;
					};
					15911DB82AD7DBC500E58958 = {
						CreatedOnToolsVersion = 15.0;
						TestTargetID = 15911D932AD7DBC400E58958;
					};
				};
			};
			buildConfigurationList = 15911D8F2AD7DBC400E58958 /* Build configuration list for PBXProject "YDiOSStudy" */;
			compatibilityVersion = "Xcode 14.0";
			developmentRegion = en;
			hasScannedForEncodings = 0;
			knownRegions = (
				en,
				Base,
			);
			mainGroup = 15911D8B2AD7DBC400E58958;
			productRefGroup = 15911D952AD7DBC400E58958 /* Products */;
			projectDirPath = "";
			projectRoot = "";
			targets = (
				15911D932AD7DBC400E58958 /* YDiOSStudy */,
				15911DAE2AD7DBC500E58958 /* YDiOSStudyTests */,
				15911DB82AD7DBC500E58958 /* YDiOSStudyUITests */,
			);
		};
/* End PBXProject section */

/* Begin PBXResourcesBuildPhase section */
		15911D922AD7DBC400E58958 /* Resources */ = {
			isa = PBXResourcesBuildPhase;
			buildActionMask = 2147483647;
			files = (
				15911DA72AD7DBC500E58958 /* LaunchScreen.storyboard in Resources */,
				15B875CA2AEA5CC800F3476B /* test.mp3 in Resources */,
				15911DD62AD7FBE700E58958 /* BoySay.sh in Resources */,
				15911DA42AD7DBC500E58958 /* Assets.xcassets in Resources */,
				15911DA22AD7DBC400E58958 /* Main.storyboard in Resources */,
			);
			runOnlyForDeploymentPostprocessing = 0;
		};
		15911DAD2AD7DBC500E58958 /* Resources */ = {
			isa = PBXResourcesBuildPhase;
			buildActionMask = 2147483647;
			files = (
			);
			runOnlyForDeploymentPostprocessing = 0;
		};
		15911DB72AD7DBC500E58958 /* Resources */ = {
			isa = PBXResourcesBuildPhase;
			buildActionMask = 2147483647;
			files = (
			);
			runOnlyForDeploymentPostprocessing = 0;
		};
/* End PBXResourcesBuildPhase section */

/* Begin PBXShellScriptBuildPhase section */
		58C14B1A0E8A5A17D6B7F640 /* [CP] Copy Pods Resources */ = {
			isa = PBXShellScriptBuildPhase;
			buildActionMask = 2147483647;
			files = (
			);
			inputFileListPaths = (
				"${PODS_ROOT}/Target Support Files/Pods-YDiOSStudy/Pods-YDiOSStudy-resources-${CONFIGURATION}-input-files.xcfilelist",
			);
			name = "[CP] Copy Pods Resources";
			outputFileListPaths = (
				"${PODS_ROOT}/Target Support Files/Pods-YDiOSStudy/Pods-YDiOSStudy-resources-${CONFIGURATION}-output-files.xcfilelist",
			);
			runOnlyForDeploymentPostprocessing = 0;
			shellPath = /bin/sh;
			shellScript = "\"${PODS_ROOT}/Target Support Files/Pods-YDiOSStudy/Pods-YDiOSStudy-resources.sh\"\n";
			showEnvVarsInLog = 0;
		};
		8053CBB4F05C197F2097354D /* [CP] Check Pods Manifest.lock */ = {
			isa = PBXShellScriptBuildPhase;
			buildActionMask = 2147483647;
			files = (
			);
			inputFileListPaths = (
			);
			inputPaths = (
				"${PODS_PODFILE_DIR_PATH}/Podfile.lock",
				"${PODS_ROOT}/Manifest.lock",
			);
			name = "[CP] Check Pods Manifest.lock";
			outputFileListPaths = (
			);
			outputPaths = (
				"$(DERIVED_FILE_DIR)/Pods-YDiOSStudy-checkManifestLockResult.txt",
			);
			runOnlyForDeploymentPostprocessing = 0;
			shellPath = /bin/sh;
			shellScript = "diff \"${PODS_PODFILE_DIR_PATH}/Podfile.lock\" \"${PODS_ROOT}/Manifest.lock\" > /dev/null\nif [ $? != 0 ] ; then\n    # print error to STDERR\n    echo \"error: The sandbox is not in sync with the Podfile.lock. Run 'pod install' or update your CocoaPods installation.\" >&2\n    exit 1\nfi\n# This output is used by Xcode 'outputs' to avoid re-running this script phase.\necho \"SUCCESS\" > \"${SCRIPT_OUTPUT_FILE_0}\"\n";
			showEnvVarsInLog = 0;
		};
		ABC5B40B6A5E1A41DCBF1F68 /* [CP] Embed Pods Frameworks */ = {
			isa = PBXShellScriptBuildPhase;
			buildActionMask = 2147483647;
			files = (
			);
			inputFileListPaths = (
				"${PODS_ROOT}/Target Support Files/Pods-YDiOSStudy/Pods-YDiOSStudy-frameworks-${CONFIGURATION}-input-files.xcfilelist",
			);
			name = "[CP] Embed Pods Frameworks";
			outputFileListPaths = (
				"${PODS_ROOT}/Target Support Files/Pods-YDiOSStudy/Pods-YDiOSStudy-frameworks-${CONFIGURATION}-output-files.xcfilelist",
			);
			runOnlyForDeploymentPostprocessing = 0;
			shellPath = /bin/sh;
			shellScript = "\"${PODS_ROOT}/Target Support Files/Pods-YDiOSStudy/Pods-YDiOSStudy-frameworks.sh\"\n";
			showEnvVarsInLog = 0;
		};
/* End PBXShellScriptBuildPhase section */

/* Begin PBXSourcesBuildPhase section */
		15911D902AD7DBC400E58958 /* Sources */ = {
			isa = PBXSourcesBuildPhase;
			buildActionMask = 2147483647;
			files = (
				150B81A12C85B36600844841 /* NSObject+YD.swift in Sources */,
				150B819C2C85B1D600844841 /* SwiftListViewController.swift in Sources */,
				15911D9F2AD7DBC400E58958 /* ViewController.m in Sources */,
				15911D992AD7DBC400E58958 /* AppDelegate.m in Sources */,
				150B81A72C85D55000844841 /* GrammarBasics.swift in Sources */,
				150B81A92C86F80400844841 /* BaseType.swift in Sources */,
				15911DD02AD7DC7C00E58958 /* Boy.m in Sources */,
				15B875C62AEA51CD00F3476B /* DyldBuild.m in Sources */,
				15911DD92AD8D8C900E58958 /* SayHi.m in Sources */,
				150B819E2C85B2E000844841 /* UITableViewCell+YD.swift in Sources */,
				150B81982C85AF4600844841 /* SwiftFunction.swift in Sources */,
				15911DD42AD7F95B00E58958 /* StudyObjC.m in Sources */,
				150B81A32C85B67A00844841 /* SwiftErrorViewController.swift in Sources */,
				150B811E2C7F350B00844841 /* NumberIterator.swift in Sources */,
				15911DAA2AD7DBC500E58958 /* main.m in Sources */,
				150B81AE2C88060B00844841 /* UnitTest.swift in Sources */,
				15911D9C2AD7DBC400E58958 /* SceneDelegate.m in Sources */,
				150B81A52C85B87100844841 /* SwiftBaseViewController.swift in Sources */,
			);
			runOnlyForDeploymentPostprocessing = 0;
		};
		15911DAB2AD7DBC500E58958 /* Sources */ = {
			isa = PBXSourcesBuildPhase;
			buildActionMask = 2147483647;
			files = (
				15911DB42AD7DBC500E58958 /* YDiOSStudyTests.m in Sources */,
			);
			runOnlyForDeploymentPostprocessing = 0;
		};
		15911DB52AD7DBC500E58958 /* Sources */ = {
			isa = PBXSourcesBuildPhase;
			buildActionMask = 2147483647;
			files = (
				15911DBE2AD7DBC500E58958 /* YDiOSStudyUITests.m in Sources */,
				15911DC02AD7DBC500E58958 /* YDiOSStudyUITestsLaunchTests.m in Sources */,
			);
			runOnlyForDeploymentPostprocessing = 0;
		};
/* End PBXSourcesBuildPhase section */

/* Begin PBXTargetDependency section */
		15911DB12AD7DBC500E58958 /* PBXTargetDependency */ = {
			isa = PBXTargetDependency;
			target = 15911D932AD7DBC400E58958 /* YDiOSStudy */;
			targetProxy = 15911DB02AD7DBC500E58958 /* PBXContainerItemProxy */;
		};
		15911DBB2AD7DBC500E58958 /* PBXTargetDependency */ = {
			isa = PBXTargetDependency;
			target = 15911D932AD7DBC400E58958 /* YDiOSStudy */;
			targetProxy = 15911DBA2AD7DBC500E58958 /* PBXContainerItemProxy */;
		};
/* End PBXTargetDependency section */

/* Begin PBXVariantGroup section */
		15911DA02AD7DBC400E58958 /* Main.storyboard */ = {
			isa = PBXVariantGroup;
			children = (
				15911DA12AD7DBC400E58958 /* Base */,
			);
			name = Main.storyboard;
			sourceTree = "<group>";
		};
		15911DA52AD7DBC500E58958 /* LaunchScreen.storyboard */ = {
			isa = PBXVariantGroup;
			children = (
				15911DA62AD7DBC500E58958 /* Base */,
			);
			name = LaunchScreen.storyboard;
			sourceTree = "<group>";
		};
/* End PBXVariantGroup section */

/* Begin XCBuildConfiguration section */
		15911DC12AD7DBC500E58958 /* Debug */ = {
			isa = XCBuildConfiguration;
			buildSettings = {
				ALWAYS_SEARCH_USER_PATHS = NO;
				ASSETCATALOG_COMPILER_GENERATE_SWIFT_ASSET_SYMBOL_EXTENSIONS = YES;
				CLANG_ANALYZER_NONNULL = YES;
				CLANG_ANALYZER_NUMBER_OBJECT_CONVERSION = YES_AGGRESSIVE;
				CLANG_CXX_LANGUAGE_STANDARD = "gnu++20";
				CLANG_ENABLE_MODULES = YES;
				CLANG_ENABLE_OBJC_ARC = YES;
				CLANG_ENABLE_OBJC_WEAK = YES;
				CLANG_WARN_BLOCK_CAPTURE_AUTORELEASING = YES;
				CLANG_WARN_BOOL_CONVERSION = YES;
				CLANG_WARN_COMMA = YES;
				CLANG_WARN_CONSTANT_CONVERSION = YES;
				CLANG_WARN_DEPRECATED_OBJC_IMPLEMENTATIONS = YES;
				CLANG_WARN_DIRECT_OBJC_ISA_USAGE = YES_ERROR;
				CLANG_WARN_DOCUMENTATION_COMMENTS = YES;
				CLANG_WARN_EMPTY_BODY = YES;
				CLANG_WARN_ENUM_CONVERSION = YES;
				CLANG_WARN_INFINITE_RECURSION = YES;
				CLANG_WARN_INT_CONVERSION = YES;
				CLANG_WARN_NON_LITERAL_NULL_CONVERSION = YES;
				CLANG_WARN_OBJC_IMPLICIT_RETAIN_SELF = YES;
				CLANG_WARN_OBJC_LITERAL_CONVERSION = YES;
				CLANG_WARN_OBJC_ROOT_CLASS = YES_ERROR;
				CLANG_WARN_QUOTED_INCLUDE_IN_FRAMEWORK_HEADER = YES;
				CLANG_WARN_RANGE_LOOP_ANALYSIS = YES;
				CLANG_WARN_STRICT_PROTOTYPES = YES;
				CLANG_WARN_SUSPICIOUS_MOVE = YES;
				CLANG_WARN_UNGUARDED_AVAILABILITY = YES_AGGRESSIVE;
				CLANG_WARN_UNREACHABLE_CODE = YES;
				CLANG_WARN__DUPLICATE_METHOD_MATCH = YES;
				COPY_PHASE_STRIP = NO;
				DEBUG_INFORMATION_FORMAT = dwarf;
				ENABLE_STRICT_OBJC_MSGSEND = YES;
				ENABLE_TESTABILITY = YES;
				ENABLE_USER_SCRIPT_SANDBOXING = YES;
				GCC_C_LANGUAGE_STANDARD = gnu17;
				GCC_DYNAMIC_NO_PIC = NO;
				GCC_NO_COMMON_BLOCKS = YES;
				GCC_OPTIMIZATION_LEVEL = 0;
				GCC_PREPROCESSOR_DEFINITIONS = (
					"DEBUG=1",
					"$(inherited)",
				);
				GCC_WARN_64_TO_32_BIT_CONVERSION = YES;
				GCC_WARN_ABOUT_RETURN_TYPE = YES_ERROR;
				GCC_WARN_UNDECLARED_SELECTOR = YES;
				GCC_WARN_UNINITIALIZED_AUTOS = YES_AGGRESSIVE;
				GCC_WARN_UNUSED_FUNCTION = YES;
				GCC_WARN_UNUSED_VARIABLE = YES;
				IPHONEOS_DEPLOYMENT_TARGET = 13.0;
				LOCALIZATION_PREFERS_STRING_CATALOGS = YES;
				MTL_ENABLE_DEBUG_INFO = INCLUDE_SOURCE;
				MTL_FAST_MATH = YES;
				ONLY_ACTIVE_ARCH = YES;
				SDKROOT = iphoneos;
			};
			name = Debug;
		};
		15911DC22AD7DBC500E58958 /* Release */ = {
			isa = XCBuildConfiguration;
			buildSettings = {
				ALWAYS_SEARCH_USER_PATHS = NO;
				ASSETCATALOG_COMPILER_GENERATE_SWIFT_ASSET_SYMBOL_EXTENSIONS = YES;
				CLANG_ANALYZER_NONNULL = YES;
				CLANG_ANALYZER_NUMBER_OBJECT_CONVERSION = YES_AGGRESSIVE;
				CLANG_CXX_LANGUAGE_STANDARD = "gnu++20";
				CLANG_ENABLE_MODULES = YES;
				CLANG_ENABLE_OBJC_ARC = YES;
				CLANG_ENABLE_OBJC_WEAK = YES;
				CLANG_WARN_BLOCK_CAPTURE_AUTORELEASING = YES;
				CLANG_WARN_BOOL_CONVERSION = YES;
				CLANG_WARN_COMMA = YES;
				CLANG_WARN_CONSTANT_CONVERSION = YES;
				CLANG_WARN_DEPRECATED_OBJC_IMPLEMENTATIONS = YES;
				CLANG_WARN_DIRECT_OBJC_ISA_USAGE = YES_ERROR;
				CLANG_WARN_DOCUMENTATION_COMMENTS = YES;
				CLANG_WARN_EMPTY_BODY = YES;
				CLANG_WARN_ENUM_CONVERSION = YES;
				CLANG_WARN_INFINITE_RECURSION = YES;
				CLANG_WARN_INT_CONVERSION = YES;
				CLANG_WARN_NON_LITERAL_NULL_CONVERSION = YES;
				CLANG_WARN_OBJC_IMPLICIT_RETAIN_SELF = YES;
				CLANG_WARN_OBJC_LITERAL_CONVERSION = YES;
				CLANG_WARN_OBJC_ROOT_CLASS = YES_ERROR;
				CLANG_WARN_QUOTED_INCLUDE_IN_FRAMEWORK_HEADER = YES;
				CLANG_WARN_RANGE_LOOP_ANALYSIS = YES;
				CLANG_WARN_STRICT_PROTOTYPES = YES;
				CLANG_WARN_SUSPICIOUS_MOVE = YES;
				CLANG_WARN_UNGUARDED_AVAILABILITY = YES_AGGRESSIVE;
				CLANG_WARN_UNREACHABLE_CODE = YES;
				CLANG_WARN__DUPLICATE_METHOD_MATCH = YES;
				COPY_PHASE_STRIP = NO;
				DEBUG_INFORMATION_FORMAT = "dwarf-with-dsym";
				ENABLE_NS_ASSERTIONS = NO;
				ENABLE_STRICT_OBJC_MSGSEND = YES;
				ENABLE_USER_SCRIPT_SANDBOXING = YES;
				GCC_C_LANGUAGE_STANDARD = gnu17;
				GCC_NO_COMMON_BLOCKS = YES;
				GCC_WARN_64_TO_32_BIT_CONVERSION = YES;
				GCC_WARN_ABOUT_RETURN_TYPE = YES_ERROR;
				GCC_WARN_UNDECLARED_SELECTOR = YES;
				GCC_WARN_UNINITIALIZED_AUTOS = YES_AGGRESSIVE;
				GCC_WARN_UNUSED_FUNCTION = YES;
				GCC_WARN_UNUSED_VARIABLE = YES;
				IPHONEOS_DEPLOYMENT_TARGET = 13.0;
				LOCALIZATION_PREFERS_STRING_CATALOGS = YES;
				MTL_ENABLE_DEBUG_INFO = NO;
				MTL_FAST_MATH = YES;
				SDKROOT = iphoneos;
				VALIDATE_PRODUCT = YES;
			};
			name = Release;
		};
		15911DC42AD7DBC500E58958 /* Debug */ = {
			isa = XCBuildConfiguration;
			baseConfigurationReference = 1B3C530522259B64AD5E1478 /* Pods-YDiOSStudy.debug.xcconfig */;
			buildSettings = {
				ASSETCATALOG_COMPILER_APPICON_NAME = AppIcon;
				ASSETCATALOG_COMPILER_GLOBAL_ACCENT_COLOR_NAME = AccentColor;
				CLANG_ENABLE_MODULES = YES;
				CODE_SIGN_STYLE = Automatic;
				CURRENT_PROJECT_VERSION = 1;
				DEVELOPMENT_TEAM = C3V5PUXTCL;
				ENABLE_USER_SCRIPT_SANDBOXING = NO;
				GENERATE_INFOPLIST_FILE = YES;
				INFOPLIST_FILE = YDiOSStudy/Info.plist;
				INFOPLIST_KEY_UIApplicationSupportsIndirectInputEvents = YES;
				INFOPLIST_KEY_UILaunchStoryboardName = LaunchScreen;
				INFOPLIST_KEY_UIMainStoryboardFile = Main;
				INFOPLIST_KEY_UISupportedInterfaceOrientations_iPad = "UIInterfaceOrientationPortrait UIInterfaceOrientationPortraitUpsideDown UIInterfaceOrientationLandscapeLeft UIInterfaceOrientationLandscapeRight";
				INFOPLIST_KEY_UISupportedInterfaceOrientations_iPhone = "UIInterfaceOrientationPortrait UIInterfaceOrientationLandscapeLeft UIInterfaceOrientationLandscapeRight";
				IPHONEOS_DEPLOYMENT_TARGET = 13.0;
				LD_RUNPATH_SEARCH_PATHS = (
					"$(inherited)",
					"@executable_path/Frameworks",
				);
				MARKETING_VERSION = 1.0;
				PRODUCT_BUNDLE_IDENTIFIER = com.wyd.YDiOSStudy;
				PRODUCT_NAME = "$(TARGET_NAME)";
				SWIFT_EMIT_LOC_STRINGS = YES;
				SWIFT_OBJC_BRIDGING_HEADER = "YDiOSStudy/YDStudySwift/YDiOSStudy-Bridging-Header.h";
				SWIFT_OPTIMIZATION_LEVEL = "-Onone";
				SWIFT_VERSION = 5.0;
				TARGETED_DEVICE_FAMILY = "1,2";
			};
			name = Debug;
		};
		15911DC52AD7DBC500E58958 /* Release */ = {
			isa = XCBuildConfiguration;
			baseConfigurationReference = B3FDA998E2904D1F521C3A55 /* Pods-YDiOSStudy.release.xcconfig */;
			buildSettings = {
				ASSETCATALOG_COMPILER_APPICON_NAME = AppIcon;
				ASSETCATALOG_COMPILER_GLOBAL_ACCENT_COLOR_NAME = AccentColor;
				CLANG_ENABLE_MODULES = YES;
				CODE_SIGN_STYLE = Automatic;
				CURRENT_PROJECT_VERSION = 1;
				DEVELOPMENT_TEAM = C3V5PUXTCL;
				ENABLE_USER_SCRIPT_SANDBOXING = NO;
				GENERATE_INFOPLIST_FILE = YES;
				INFOPLIST_FILE = YDiOSStudy/Info.plist;
				INFOPLIST_KEY_UIApplicationSupportsIndirectInputEvents = YES;
				INFOPLIST_KEY_UILaunchStoryboardName = LaunchScreen;
				INFOPLIST_KEY_UIMainStoryboardFile = Main;
				INFOPLIST_KEY_UISupportedInterfaceOrientations_iPad = "UIInterfaceOrientationPortrait UIInterfaceOrientationPortraitUpsideDown UIInterfaceOrientationLandscapeLeft UIInterfaceOrientationLandscapeRight";
				INFOPLIST_KEY_UISupportedInterfaceOrientations_iPhone = "UIInterfaceOrientationPortrait UIInterfaceOrientationLandscapeLeft UIInterfaceOrientationLandscapeRight";
				IPHONEOS_DEPLOYMENT_TARGET = 13.0;
				LD_RUNPATH_SEARCH_PATHS = (
					"$(inherited)",
					"@executable_path/Frameworks",
				);
				MARKETING_VERSION = 1.0;
				PRODUCT_BUNDLE_IDENTIFIER = com.wyd.YDiOSStudy;
				PRODUCT_NAME = "$(TARGET_NAME)";
				SWIFT_EMIT_LOC_STRINGS = YES;
				SWIFT_OBJC_BRIDGING_HEADER = "YDiOSStudy/YDStudySwift/YDiOSStudy-Bridging-Header.h";
				SWIFT_VERSION = 5.0;
				TARGETED_DEVICE_FAMILY = "1,2";
			};
			name = Release;
		};
		15911DC72AD7DBC500E58958 /* Debug */ = {
			isa = XCBuildConfiguration;
			buildSettings = {
				ALWAYS_EMBED_SWIFT_STANDARD_LIBRARIES = YES;
				BUNDLE_LOADER = "$(TEST_HOST)";
				CODE_SIGN_STYLE = Automatic;
				CURRENT_PROJECT_VERSION = 1;
				DEVELOPMENT_TEAM = C3V5PUXTCL;
				GENERATE_INFOPLIST_FILE = YES;
				IPHONEOS_DEPLOYMENT_TARGET = 17.0;
				MARKETING_VERSION = 1.0;
				PRODUCT_BUNDLE_IDENTIFIER = com.wyd.rust.YDiOSStudyTests;
				PRODUCT_NAME = "$(TARGET_NAME)";
				SWIFT_EMIT_LOC_STRINGS = NO;
				TARGETED_DEVICE_FAMILY = "1,2";
				TEST_HOST = "$(BUILT_PRODUCTS_DIR)/YDiOSStudy.app/$(BUNDLE_EXECUTABLE_FOLDER_PATH)/YDiOSStudy";
			};
			name = Debug;
		};
		15911DC82AD7DBC500E58958 /* Release */ = {
			isa = XCBuildConfiguration;
			buildSettings = {
				ALWAYS_EMBED_SWIFT_STANDARD_LIBRARIES = YES;
				BUNDLE_LOADER = "$(TEST_HOST)";
				CODE_SIGN_STYLE = Automatic;
				CURRENT_PROJECT_VERSION = 1;
				DEVELOPMENT_TEAM = C3V5PUXTCL;
				GENERATE_INFOPLIST_FILE = YES;
				IPHONEOS_DEPLOYMENT_TARGET = 17.0;
				MARKETING_VERSION = 1.0;
				PRODUCT_BUNDLE_IDENTIFIER = com.wyd.rust.YDiOSStudyTests;
				PRODUCT_NAME = "$(TARGET_NAME)";
				SWIFT_EMIT_LOC_STRINGS = NO;
				TARGETED_DEVICE_FAMILY = "1,2";
				TEST_HOST = "$(BUILT_PRODUCTS_DIR)/YDiOSStudy.app/$(BUNDLE_EXECUTABLE_FOLDER_PATH)/YDiOSStudy";
			};
			name = Release;
		};
		15911DCA2AD7DBC500E58958 /* Debug */ = {
			isa = XCBuildConfiguration;
			buildSettings = {
				ALWAYS_EMBED_SWIFT_STANDARD_LIBRARIES = YES;
				CODE_SIGN_STYLE = Automatic;
				CURRENT_PROJECT_VERSION = 1;
				DEVELOPMENT_TEAM = C3V5PUXTCL;
				GENERATE_INFOPLIST_FILE = YES;
				MARKETING_VERSION = 1.0;
				PRODUCT_BUNDLE_IDENTIFIER = com.wyd.rust.YDiOSStudyUITests;
				PRODUCT_NAME = "$(TARGET_NAME)";
				SWIFT_EMIT_LOC_STRINGS = NO;
				TARGETED_DEVICE_FAMILY = "1,2";
				TEST_TARGET_NAME = YDiOSStudy;
			};
			name = Debug;
		};
		15911DCB2AD7DBC500E58958 /* Release */ = {
			isa = XCBuildConfiguration;
			buildSettings = {
				ALWAYS_EMBED_SWIFT_STANDARD_LIBRARIES = YES;
				CODE_SIGN_STYLE = Automatic;
				CURRENT_PROJECT_VERSION = 1;
				DEVELOPMENT_TEAM = C3V5PUXTCL;
				GENERATE_INFOPLIST_FILE = YES;
				MARKETING_VERSION = 1.0;
				PRODUCT_BUNDLE_IDENTIFIER = com.wyd.rust.YDiOSStudyUITests;
				PRODUCT_NAME = "$(TARGET_NAME)";
				SWIFT_EMIT_LOC_STRINGS = NO;
				TARGETED_DEVICE_FAMILY = "1,2";
				TEST_TARGET_NAME = YDiOSStudy;
			};
			name = Release;
		};
/* End XCBuildConfiguration section */

/* Begin XCConfigurationList section */
		15911D8F2AD7DBC400E58958 /* Build configuration list for PBXProject "YDiOSStudy" */ = {
			isa = XCConfigurationList;
			buildConfigurations = (
				15911DC12AD7DBC500E58958 /* Debug */,
				15911DC22AD7DBC500E58958 /* Release */,
			);
			defaultConfigurationIsVisible = 0;
			defaultConfigurationName = Release;
		};
		15911DC32AD7DBC500E58958 /* Build configuration list for PBXNativeTarget "YDiOSStudy" */ = {
			isa = XCConfigurationList;
			buildConfigurations = (
				15911DC42AD7DBC500E58958 /* Debug */,
				15911DC52AD7DBC500E58958 /* Release */,
			);
			defaultConfigurationIsVisible = 0;
			defaultConfigurationName = Release;
		};
		15911DC62AD7DBC500E58958 /* Build configuration list for PBXNativeTarget "YDiOSStudyTests" */ = {
			isa = XCConfigurationList;
			buildConfigurations = (
				15911DC72AD7DBC500E58958 /* Debug */,
				15911DC82AD7DBC500E58958 /* Release */,
			);
			defaultConfigurationIsVisible = 0;
			defaultConfigurationName = Release;
		};
		15911DC92AD7DBC500E58958 /* Build configuration list for PBXNativeTarget "YDiOSStudyUITests" */ = {
			isa = XCConfigurationList;
			buildConfigurations = (
				15911DCA2AD7DBC500E58958 /* Debug */,
				15911DCB2AD7DBC500E58958 /* Release */,
			);
			defaultConfigurationIsVisible = 0;
			defaultConfigurationName = Release;
		};
/* End XCConfigurationList section */
	};
	rootObject = 15911D8C2AD7DBC400E58958 /* Project object */;
}
